Microsoft Visual Studio Solution File, Format Version 12.00
# Visual Studio Version 16
VisualStudioVersion = 16.0.28803.352
MinimumVisualStudioVersion = 10.0.40219.1
Project("{FAE04EC0-301F-11D3-BF4B-00C04F79EFBC}") = "ewrpertest4", "ewrpertest4\ewrpertest4.csproj", "{09F8E53C-85B5-4A8D-A524-E8B146444154}"
EndProject
Project("{9A19103F-16F7-4668-BE54-9A1E7A4F7556}") = "IBControlDefinition", "..\IB\OrderDefinition\IBControlDefinition.csproj", "{B886F19F-A2BC-495C-B474-9F809BC27B95}"
EndProject
Project("{FAE04EC0-301F-11D3-BF4B-00C04F79EFBC}") = "IB trader pad", "IB trader pad\IB trader pad.csproj", "{114148AF-A3AF-49EC-A8B9-EB6B887FBC31}"
EndProject
Project("{9A19103F-16F7-4668-BE54-9A1E7A4F7556}") = "IbTrader", "IbTrader\IbTrader.csproj", "{6957E98C-67C5-4FCE-BD8D-474C86822DF1}"
EndProject
Project("{9A19103F-16F7-4668-BE54-9A1E7A4F7556}") = "TradeExtension", "TradeExtensionExternalCondtion\TradeExtension.csproj", "{31692F76-4B9C-496B-AEB3-23006F10BE81}"
EndProject
Project("{9A19103F-16F7-4668-BE54-9A1E7A4F7556}") = "ContractDefinition", "ContractDefinition\ContractDefinition.csproj", "{FB5CAB3B-5147-4738-8FE8-5A88F2D1EA1D}"
EndProject
Project("{9A19103F-16F7-4668-BE54-9A1E7A4F7556}") = "SystemExtension", "SystemExtension\SystemExtension.csproj", "{0C93E281-AD5C-4D00-8159-B975114B9BAA}"
EndProject
Project("{9A19103F-16F7-4668-BE54-9A1E7A4F7556}") = "IBWrapper", "IBWrapper\IBWrapper.csproj", "{D397B049-BA3D-4EFE-9435-164CAA3C16B5}"
EndProject
Project("{9A19103F-16F7-4668-BE54-9A1E7A4F7556}") = "ConsoleAppAddEc", "ConsoleAppAddEc\ConsoleAppAddEc.csproj", "{0F2CA640-38E4-4136-B851-56BBB54AC8FD}"
EndProject
Project("{9A19103F-16F7-4668-BE54-9A1E7A4F7556}") = "ConsoleAppManageOrders", "ConsoleAppManageOrders\ConsoleAppManageOrders.csproj", "{E5CD94BC-FB9C-4ECB-8859-F0485A5C1DED}"
EndProject
Project("{9A19103F-16F7-4668-BE54-9A1E7A4F7556}") = "IBAccountDefinition", "IBAccountDefinition\IBAccountDefinition.csproj", "{B36DA09D-7B12-47A6-A6AF-8A5BD65B011E}"
EndProject
Project("{9A19103F-16F7-4668-BE54-9A1E7A4F7556}") = "OrderDefinition", "OrderDefinition_\OrderDefinition.csproj", "{508490E5-0141-4DDF-80A8-7C262F984CC4}"
EndProject
Project("{9A19103F-16F7-4668-BE54-9A1E7A4F7556}") = "LogOrders", "LogOrders\LogOrders.csproj", "{84494906-DB1E-455F-B475-0A7590B46E35}"
EndProject
Project("{9A19103F-16F7-4668-BE54-9A1E7A4F7556}") = "TickDefinition", "TickDefinition\TickDefinition.csproj", "{062903E0-6BA1-49E1-95F3-F06740E43E7A}"
EndProject
Project("{9A19103F-16F7-4668-BE54-9A1E7A4F7556}") = "WindowsFormsAppUpdateIBCD", "WindowsFormsAppUpdateIBCD\WindowsFormsAppUpdateIBCD.csproj", "{BE33AA59-D889-4D7C-917B-C67DF3BBB09F}"
EndProject
Project("{9A19103F-16F7-4668-BE54-9A1E7A4F7556}") = "IBBackEnd", "IBBackEnd\IBBackEnd.csproj", "{0C9E103F-0A75-4431-A7EB-3AC7AA4CC2D8}"
EndProject
Project("{9A19103F-16F7-4668-BE54-9A1E7A4F7556}") = "testEC", "testEC\testEC.csproj", "{6E6268A9-A6A6-43D0-B108-6D2F4EBC3B41}"
EndProject
Project("{9A19103F-16F7-4668-BE54-9A1E7A4F7556}") = "BasicLogger", "BasicLogger\BasicLogger.csproj", "{44946D77-1E99-47D2-9FB6-EEB54F9C2DF7}"
EndProject
Project("{9A19103F-16F7-4668-BE54-9A1E7A4F7556}") = "MySmtpClient", "MySmtpClient\MySmtpClient.csproj", "{8064AC4F-92BD-4615-9EB4-37F1A096B662}"
EndProject
Project("{9A19103F-16F7-4668-BE54-9A1E7A4F7556}") = "ConsoleAppLid", "ConsoleAppLid\ConsoleAppLid.csproj", "{A5D715F5-6D81-4AC9-8D88-DFEAF854E1D2}"
EndProject
Project("{FAE04EC0-301F-11D3-BF4B-00C04F79EFBC}") = "OrderManager2", "OrderManager2\OrderManager2.csproj", "{9DC6866F-803E-412D-B235-BEE0E4D4509E}"
EndProject
Project("{9A19103F-16F7-4668-BE54-9A1E7A4F7556}") = "OrderManager", "OrderManager\OrderManager.csproj", "{9E894649-D68D-4219-B437-A778A408614A}"
EndProject
Project("{9A19103F-16F7-4668-BE54-9A1E7A4F7556}") = "OrderFlow", "OrderFlow\OrderFlow.csproj", "{3D1B0B7A-0651-43AA-AA2A-0E850B31417C}"
EndProject
Project("{9A19103F-16F7-4668-BE54-9A1E7A4F7556}") = "OrderFlowLogSimulationSpy", "OrderFlowLogSimulationSpy\OrderFlowLogSimulationSpy.csproj", "{2CECD635-EB4C-422C-809D-2546CA42E8E6}"
EndProject
Project("{FAE04EC0-301F-11D3-BF4B-00C04F79EFBC}") = "ConsoleApp2", "ConsoleApp2\ConsoleApp2.csproj", "{AC24E6A5-A0AA-4554-8612-F5E3DB130912}"
EndProject
Project("{9A19103F-16F7-4668-BE54-9A1E7A4F7556}") = "CSharpAPI", "..\temp TWS API\source\CSharpClient\client\CSharpAPI.csproj", "{04078937-9B64-466E-B0BC-88481248F1FA}"
EndProject
Global
	GlobalSection(SolutionConfigurationPlatforms) = preSolution
		Debug|Any CPU = Debug|Any CPU
		Debug|x64 = Debug|x64
		Release|Any CPU = Release|Any CPU
		Release|x64 = Release|x64
	EndGlobalSection
	GlobalSection(ProjectConfigurationPlatforms) = postSolution
		{09F8E53C-85B5-4A8D-A524-E8B146444154}.Debug|Any CPU.ActiveCfg = Debug|Any CPU
		{09F8E53C-85B5-4A8D-A524-E8B146444154}.Debug|Any CPU.Build.0 = Debug|Any CPU
		{09F8E53C-85B5-4A8D-A524-E8B146444154}.Debug|x64.ActiveCfg = Debug|Any CPU
		{09F8E53C-85B5-4A8D-A524-E8B146444154}.Debug|x64.Build.0 = Debug|Any CPU
		{09F8E53C-85B5-4A8D-A524-E8B146444154}.Release|Any CPU.ActiveCfg = Release|Any CPU
		{09F8E53C-85B5-4A8D-A524-E8B146444154}.Release|Any CPU.Build.0 = Release|Any CPU
		{09F8E53C-85B5-4A8D-A524-E8B146444154}.Release|x64.ActiveCfg = Release|Any CPU
		{09F8E53C-85B5-4A8D-A524-E8B146444154}.Release|x64.Build.0 = Release|Any CPU
		{B886F19F-A2BC-495C-B474-9F809BC27B95}.Debug|Any CPU.ActiveCfg = Debug|Any CPU
		{B886F19F-A2BC-495C-B474-9F809BC27B95}.Debug|Any CPU.Build.0 = Debug|Any CPU
		{B886F19F-A2BC-495C-B474-9F809BC27B95}.Debug|x64.ActiveCfg = Debug|Any CPU
		{B886F19F-A2BC-495C-B474-9F809BC27B95}.Debug|x64.Build.0 = Debug|Any CPU
		{B886F19F-A2BC-495C-B474-9F809BC27B95}.Release|Any CPU.ActiveCfg = Release|Any CPU
		{B886F19F-A2BC-495C-B474-9F809BC27B95}.Release|Any CPU.Build.0 = Release|Any CPU
		{B886F19F-A2BC-495C-B474-9F809BC27B95}.Release|x64.ActiveCfg = Release|Any CPU
		{B886F19F-A2BC-495C-B474-9F809BC27B95}.Release|x64.Build.0 = Release|Any CPU
		{114148AF-A3AF-49EC-A8B9-EB6B887FBC31}.Debug|Any CPU.ActiveCfg = Debug|Any CPU
		{114148AF-A3AF-49EC-A8B9-EB6B887FBC31}.Debug|Any CPU.Build.0 = Debug|Any CPU
		{114148AF-A3AF-49EC-A8B9-EB6B887FBC31}.Debug|x64.ActiveCfg = Debug|Any CPU
		{114148AF-A3AF-49EC-A8B9-EB6B887FBC31}.Debug|x64.Build.0 = Debug|Any CPU
		{114148AF-A3AF-49EC-A8B9-EB6B887FBC31}.Release|Any CPU.ActiveCfg = Release|Any CPU
		{114148AF-A3AF-49EC-A8B9-EB6B887FBC31}.Release|Any CPU.Build.0 = Release|Any CPU
		{114148AF-A3AF-49EC-A8B9-EB6B887FBC31}.Release|x64.ActiveCfg = Release|Any CPU
		{114148AF-A3AF-49EC-A8B9-EB6B887FBC31}.Release|x64.Build.0 = Release|Any CPU
		{6957E98C-67C5-4FCE-BD8D-474C86822DF1}.Debug|Any CPU.ActiveCfg = Debug|Any CPU
		{6957E98C-67C5-4FCE-BD8D-474C86822DF1}.Debug|Any CPU.Build.0 = Debug|Any CPU
		{6957E98C-67C5-4FCE-BD8D-474C86822DF1}.Debug|x64.ActiveCfg = Debug|Any CPU
		{6957E98C-67C5-4FCE-BD8D-474C86822DF1}.Debug|x64.Build.0 = Debug|Any CPU
		{6957E98C-67C5-4FCE-BD8D-474C86822DF1}.Release|Any CPU.ActiveCfg = Release|Any CPU
		{6957E98C-67C5-4FCE-BD8D-474C86822DF1}.Release|Any CPU.Build.0 = Release|Any CPU
		{6957E98C-67C5-4FCE-BD8D-474C86822DF1}.Release|x64.ActiveCfg = Release|Any CPU
		{6957E98C-67C5-4FCE-BD8D-474C86822DF1}.Release|x64.Build.0 = Release|Any CPU
		{31692F76-4B9C-496B-AEB3-23006F10BE81}.Debug|Any CPU.ActiveCfg = Debug|Any CPU
		{31692F76-4B9C-496B-AEB3-23006F10BE81}.Debug|Any CPU.Build.0 = Debug|Any CPU
		{31692F76-4B9C-496B-AEB3-23006F10BE81}.Debug|x64.ActiveCfg = Debug|Any CPU
		{31692F76-4B9C-496B-AEB3-23006F10BE81}.Debug|x64.Build.0 = Debug|Any CPU
		{31692F76-4B9C-496B-AEB3-23006F10BE81}.Release|Any CPU.ActiveCfg = Release|Any CPU
		{31692F76-4B9C-496B-AEB3-23006F10BE81}.Release|Any CPU.Build.0 = Release|Any CPU
		{31692F76-4B9C-496B-AEB3-23006F10BE81}.Release|x64.ActiveCfg = Release|Any CPU
		{31692F76-4B9C-496B-AEB3-23006F10BE81}.Release|x64.Build.0 = Release|Any CPU
		{FB5CAB3B-5147-4738-8FE8-5A88F2D1EA1D}.Debug|Any CPU.ActiveCfg = Debug|Any CPU
		{FB5CAB3B-5147-4738-8FE8-5A88F2D1EA1D}.Debug|Any CPU.Build.0 = Debug|Any CPU
		{FB5CAB3B-5147-4738-8FE8-5A88F2D1EA1D}.Debug|x64.ActiveCfg = Debug|Any CPU
		{FB5CAB3B-5147-4738-8FE8-5A88F2D1EA1D}.Debug|x64.Build.0 = Debug|Any CPU
		{FB5CAB3B-5147-4738-8FE8-5A88F2D1EA1D}.Release|Any CPU.ActiveCfg = Release|Any CPU
		{FB5CAB3B-5147-4738-8FE8-5A88F2D1EA1D}.Release|Any CPU.Build.0 = Release|Any CPU
		{FB5CAB3B-5147-4738-8FE8-5A88F2D1EA1D}.Release|x64.ActiveCfg = Release|Any CPU
		{FB5CAB3B-5147-4738-8FE8-5A88F2D1EA1D}.Release|x64.Build.0 = Release|Any CPU
		{0C93E281-AD5C-4D00-8159-B975114B9BAA}.Debug|Any CPU.ActiveCfg = Debug|Any CPU
		{0C93E281-AD5C-4D00-8159-B975114B9BAA}.Debug|Any CPU.Build.0 = Debug|Any CPU
		{0C93E281-AD5C-4D00-8159-B975114B9BAA}.Debug|x64.ActiveCfg = Debug|Any CPU
		{0C93E281-AD5C-4D00-8159-B975114B9BAA}.Debug|x64.Build.0 = Debug|Any CPU
		{0C93E281-AD5C-4D00-8159-B975114B9BAA}.Release|Any CPU.ActiveCfg = Release|Any CPU
		{0C93E281-AD5C-4D00-8159-B975114B9BAA}.Release|Any CPU.Build.0 = Release|Any CPU
		{0C93E281-AD5C-4D00-8159-B975114B9BAA}.Release|x64.ActiveCfg = Release|Any CPU
		{0C93E281-AD5C-4D00-8159-B975114B9BAA}.Release|x64.Build.0 = Release|Any CPU
		{D397B049-BA3D-4EFE-9435-164CAA3C16B5}.Debug|Any CPU.ActiveCfg = Debug|Any CPU
		{D397B049-BA3D-4EFE-9435-164CAA3C16B5}.Debug|Any CPU.Build.0 = Debug|Any CPU
		{D397B049-BA3D-4EFE-9435-164CAA3C16B5}.Debug|x64.ActiveCfg = Debug|Any CPU
		{D397B049-BA3D-4EFE-9435-164CAA3C16B5}.Debug|x64.Build.0 = Debug|Any CPU
		{D397B049-BA3D-4EFE-9435-164CAA3C16B5}.Release|Any CPU.ActiveCfg = Release|Any CPU
		{D397B049-BA3D-4EFE-9435-164CAA3C16B5}.Release|Any CPU.Build.0 = Release|Any CPU
		{D397B049-BA3D-4EFE-9435-164CAA3C16B5}.Release|x64.ActiveCfg = Release|Any CPU
		{D397B049-BA3D-4EFE-9435-164CAA3C16B5}.Release|x64.Build.0 = Release|Any CPU
		{0F2CA640-38E4-4136-B851-56BBB54AC8FD}.Debug|Any CPU.ActiveCfg = Debug|Any CPU
		{0F2CA640-38E4-4136-B851-56BBB54AC8FD}.Debug|Any CPU.Build.0 = Debug|Any CPU
		{0F2CA640-38E4-4136-B851-56BBB54AC8FD}.Debug|x64.ActiveCfg = Debug|Any CPU
		{0F2CA640-38E4-4136-B851-56BBB54AC8FD}.Debug|x64.Build.0 = Debug|Any CPU
		{0F2CA640-38E4-4136-B851-56BBB54AC8FD}.Release|Any CPU.ActiveCfg = Release|Any CPU
		{0F2CA640-38E4-4136-B851-56BBB54AC8FD}.Release|Any CPU.Build.0 = Release|Any CPU
		{0F2CA640-38E4-4136-B851-56BBB54AC8FD}.Release|x64.ActiveCfg = Release|Any CPU
		{0F2CA640-38E4-4136-B851-56BBB54AC8FD}.Release|x64.Build.0 = Release|Any CPU
		{E5CD94BC-FB9C-4ECB-8859-F0485A5C1DED}.Debug|Any CPU.ActiveCfg = Debug|Any CPU
		{E5CD94BC-FB9C-4ECB-8859-F0485A5C1DED}.Debug|Any CPU.Build.0 = Debug|Any CPU
		{E5CD94BC-FB9C-4ECB-8859-F0485A5C1DED}.Debug|x64.ActiveCfg = Debug|Any CPU
		{E5CD94BC-FB9C-4ECB-8859-F0485A5C1DED}.Debug|x64.Build.0 = Debug|Any CPU
		{E5CD94BC-FB9C-4ECB-8859-F0485A5C1DED}.Release|Any CPU.ActiveCfg = Release|Any CPU
		{E5CD94BC-FB9C-4ECB-8859-F0485A5C1DED}.Release|Any CPU.Build.0 = Release|Any CPU
		{E5CD94BC-FB9C-4ECB-8859-F0485A5C1DED}.Release|x64.ActiveCfg = Release|Any CPU
		{E5CD94BC-FB9C-4ECB-8859-F0485A5C1DED}.Release|x64.Build.0 = Release|Any CPU
		{B36DA09D-7B12-47A6-A6AF-8A5BD65B011E}.Debug|Any CPU.ActiveCfg = Debug|Any CPU
		{B36DA09D-7B12-47A6-A6AF-8A5BD65B011E}.Debug|Any CPU.Build.0 = Debug|Any CPU
		{B36DA09D-7B12-47A6-A6AF-8A5BD65B011E}.Debug|x64.ActiveCfg = Debug|Any CPU
		{B36DA09D-7B12-47A6-A6AF-8A5BD65B011E}.Debug|x64.Build.0 = Debug|Any CPU
		{B36DA09D-7B12-47A6-A6AF-8A5BD65B011E}.Release|Any CPU.ActiveCfg = Release|Any CPU
		{B36DA09D-7B12-47A6-A6AF-8A5BD65B011E}.Release|Any CPU.Build.0 = Release|Any CPU
		{B36DA09D-7B12-47A6-A6AF-8A5BD65B011E}.Release|x64.ActiveCfg = Release|Any CPU
		{B36DA09D-7B12-47A6-A6AF-8A5BD65B011E}.Release|x64.Build.0 = Release|Any CPU
		{508490E5-0141-4DDF-80A8-7C262F984CC4}.Debug|Any CPU.ActiveCfg = Debug|Any CPU
		{508490E5-0141-4DDF-80A8-7C262F984CC4}.Debug|Any CPU.Build.0 = Debug|Any CPU
		{508490E5-0141-4DDF-80A8-7C262F984CC4}.Debug|x64.ActiveCfg = Debug|Any CPU
		{508490E5-0141-4DDF-80A8-7C262F984CC4}.Debug|x64.Build.0 = Debug|Any CPU
		{508490E5-0141-4DDF-80A8-7C262F984CC4}.Release|Any CPU.ActiveCfg = Release|Any CPU
		{508490E5-0141-4DDF-80A8-7C262F984CC4}.Release|Any CPU.Build.0 = Release|Any CPU
		{508490E5-0141-4DDF-80A8-7C262F984CC4}.Release|x64.ActiveCfg = Release|Any CPU
		{508490E5-0141-4DDF-80A8-7C262F984CC4}.Release|x64.Build.0 = Release|Any CPU
		{84494906-DB1E-455F-B475-0A7590B46E35}.Debug|Any CPU.ActiveCfg = Debug|Any CPU
		{84494906-DB1E-455F-B475-0A7590B46E35}.Debug|Any CPU.Build.0 = Debug|Any CPU
		{84494906-DB1E-455F-B475-0A7590B46E35}.Debug|x64.ActiveCfg = Debug|Any CPU
		{84494906-DB1E-455F-B475-0A7590B46E35}.Debug|x64.Build.0 = Debug|Any CPU
		{84494906-DB1E-455F-B475-0A7590B46E35}.Release|Any CPU.ActiveCfg = Release|Any CPU
		{84494906-DB1E-455F-B475-0A7590B46E35}.Release|Any CPU.Build.0 = Release|Any CPU
		{84494906-DB1E-455F-B475-0A7590B46E35}.Release|x64.ActiveCfg = Release|Any CPU
		{84494906-DB1E-455F-B475-0A7590B46E35}.Release|x64.Build.0 = Release|Any CPU
		{062903E0-6BA1-49E1-95F3-F06740E43E7A}.Debug|Any CPU.ActiveCfg = Debug|Any CPU
		{062903E0-6BA1-49E1-95F3-F06740E43E7A}.Debug|Any CPU.Build.0 = Debug|Any CPU
		{062903E0-6BA1-49E1-95F3-F06740E43E7A}.Debug|x64.ActiveCfg = Debug|Any CPU
		{062903E0-6BA1-49E1-95F3-F06740E43E7A}.Debug|x64.Build.0 = Debug|Any CPU
		{062903E0-6BA1-49E1-95F3-F06740E43E7A}.Release|Any CPU.ActiveCfg = Release|Any CPU
		{062903E0-6BA1-49E1-95F3-F06740E43E7A}.Release|Any CPU.Build.0 = Release|Any CPU
		{062903E0-6BA1-49E1-95F3-F06740E43E7A}.Release|x64.ActiveCfg = Release|Any CPU
		{062903E0-6BA1-49E1-95F3-F06740E43E7A}.Release|x64.Build.0 = Release|Any CPU
		{BE33AA59-D889-4D7C-917B-C67DF3BBB09F}.Debug|Any CPU.ActiveCfg = Debug|Any CPU
		{BE33AA59-D889-4D7C-917B-C67DF3BBB09F}.Debug|Any CPU.Build.0 = Debug|Any CPU
		{BE33AA59-D889-4D7C-917B-C67DF3BBB09F}.Debug|x64.ActiveCfg = Debug|Any CPU
		{BE33AA59-D889-4D7C-917B-C67DF3BBB09F}.Debug|x64.Build.0 = Debug|Any CPU
		{BE33AA59-D889-4D7C-917B-C67DF3BBB09F}.Release|Any CPU.ActiveCfg = Release|Any CPU
		{BE33AA59-D889-4D7C-917B-C67DF3BBB09F}.Release|Any CPU.Build.0 = Release|Any CPU
		{BE33AA59-D889-4D7C-917B-C67DF3BBB09F}.Release|x64.ActiveCfg = Release|Any CPU
		{BE33AA59-D889-4D7C-917B-C67DF3BBB09F}.Release|x64.Build.0 = Release|Any CPU
		{0C9E103F-0A75-4431-A7EB-3AC7AA4CC2D8}.Debug|Any CPU.ActiveCfg = Debug|Any CPU
		{0C9E103F-0A75-4431-A7EB-3AC7AA4CC2D8}.Debug|Any CPU.Build.0 = Debug|Any CPU
		{0C9E103F-0A75-4431-A7EB-3AC7AA4CC2D8}.Debug|x64.ActiveCfg = Debug|Any CPU
		{0C9E103F-0A75-4431-A7EB-3AC7AA4CC2D8}.Debug|x64.Build.0 = Debug|Any CPU
		{0C9E103F-0A75-4431-A7EB-3AC7AA4CC2D8}.Release|Any CPU.ActiveCfg = Release|Any CPU
		{0C9E103F-0A75-4431-A7EB-3AC7AA4CC2D8}.Release|Any CPU.Build.0 = Release|Any CPU
		{0C9E103F-0A75-4431-A7EB-3AC7AA4CC2D8}.Release|x64.ActiveCfg = Release|Any CPU
		{0C9E103F-0A75-4431-A7EB-3AC7AA4CC2D8}.Release|x64.Build.0 = Release|Any CPU
		{6E6268A9-A6A6-43D0-B108-6D2F4EBC3B41}.Debug|Any CPU.ActiveCfg = Debug|Any CPU
		{6E6268A9-A6A6-43D0-B108-6D2F4EBC3B41}.Debug|Any CPU.Build.0 = Debug|Any CPU
		{6E6268A9-A6A6-43D0-B108-6D2F4EBC3B41}.Debug|x64.ActiveCfg = Debug|Any CPU
		{6E6268A9-A6A6-43D0-B108-6D2F4EBC3B41}.Debug|x64.Build.0 = Debug|Any CPU
		{6E6268A9-A6A6-43D0-B108-6D2F4EBC3B41}.Release|Any CPU.ActiveCfg = Release|Any CPU
		{6E6268A9-A6A6-43D0-B108-6D2F4EBC3B41}.Release|Any CPU.Build.0 = Release|Any CPU
		{6E6268A9-A6A6-43D0-B108-6D2F4EBC3B41}.Release|x64.ActiveCfg = Release|Any CPU
		{6E6268A9-A6A6-43D0-B108-6D2F4EBC3B41}.Release|x64.Build.0 = Release|Any CPU
		{44946D77-1E99-47D2-9FB6-EEB54F9C2DF7}.Debug|Any CPU.ActiveCfg = Debug|Any CPU
		{44946D77-1E99-47D2-9FB6-EEB54F9C2DF7}.Debug|Any CPU.Build.0 = Debug|Any CPU
		{44946D77-1E99-47D2-9FB6-EEB54F9C2DF7}.Debug|x64.ActiveCfg = Debug|Any CPU
		{44946D77-1E99-47D2-9FB6-EEB54F9C2DF7}.Debug|x64.Build.0 = Debug|Any CPU
		{44946D77-1E99-47D2-9FB6-EEB54F9C2DF7}.Release|Any CPU.ActiveCfg = Release|Any CPU
		{44946D77-1E99-47D2-9FB6-EEB54F9C2DF7}.Release|Any CPU.Build.0 = Release|Any CPU
		{44946D77-1E99-47D2-9FB6-EEB54F9C2DF7}.Release|x64.ActiveCfg = Release|Any CPU
		{44946D77-1E99-47D2-9FB6-EEB54F9C2DF7}.Release|x64.Build.0 = Release|Any CPU
		{8064AC4F-92BD-4615-9EB4-37F1A096B662}.Debug|Any CPU.ActiveCfg = Debug|Any CPU
		{8064AC4F-92BD-4615-9EB4-37F1A096B662}.Debug|Any CPU.Build.0 = Debug|Any CPU
		{8064AC4F-92BD-4615-9EB4-37F1A096B662}.Debug|x64.ActiveCfg = Debug|Any CPU
		{8064AC4F-92BD-4615-9EB4-37F1A096B662}.Debug|x64.Build.0 = Debug|Any CPU
		{8064AC4F-92BD-4615-9EB4-37F1A096B662}.Release|Any CPU.ActiveCfg = Release|Any CPU
		{8064AC4F-92BD-4615-9EB4-37F1A096B662}.Release|Any CPU.Build.0 = Release|Any CPU
		{8064AC4F-92BD-4615-9EB4-37F1A096B662}.Release|x64.ActiveCfg = Release|Any CPU
		{8064AC4F-92BD-4615-9EB4-37F1A096B662}.Release|x64.Build.0 = Release|Any CPU
		{A5D715F5-6D81-4AC9-8D88-DFEAF854E1D2}.Debug|Any CPU.ActiveCfg = Debug|Any CPU
		{A5D715F5-6D81-4AC9-8D88-DFEAF854E1D2}.Debug|Any CPU.Build.0 = Debug|Any CPU
		{A5D715F5-6D81-4AC9-8D88-DFEAF854E1D2}.Debug|x64.ActiveCfg = Debug|Any CPU
		{A5D715F5-6D81-4AC9-8D88-DFEAF854E1D2}.Debug|x64.Build.0 = Debug|Any CPU
		{A5D715F5-6D81-4AC9-8D88-DFEAF854E1D2}.Release|Any CPU.ActiveCfg = Release|Any CPU
		{A5D715F5-6D81-4AC9-8D88-DFEAF854E1D2}.Release|Any CPU.Build.0 = Release|Any CPU
		{A5D715F5-6D81-4AC9-8D88-DFEAF854E1D2}.Release|x64.ActiveCfg = Release|Any CPU
		{A5D715F5-6D81-4AC9-8D88-DFEAF854E1D2}.Release|x64.Build.0 = Release|Any CPU
		{9DC6866F-803E-412D-B235-BEE0E4D4509E}.Debug|Any CPU.ActiveCfg = Debug|Any CPU
		{9DC6866F-803E-412D-B235-BEE0E4D4509E}.Debug|Any CPU.Build.0 = Debug|Any CPU
		{9DC6866F-803E-412D-B235-BEE0E4D4509E}.Debug|x64.ActiveCfg = Debug|Any CPU
		{9DC6866F-803E-412D-B235-BEE0E4D4509E}.Debug|x64.Build.0 = Debug|Any CPU
		{9DC6866F-803E-412D-B235-BEE0E4D4509E}.Release|Any CPU.ActiveCfg = Release|Any CPU
		{9DC6866F-803E-412D-B235-BEE0E4D4509E}.Release|Any CPU.Build.0 = Release|Any CPU
		{9DC6866F-803E-412D-B235-BEE0E4D4509E}.Release|x64.ActiveCfg = Release|Any CPU
		{9DC6866F-803E-412D-B235-BEE0E4D4509E}.Release|x64.Build.0 = Release|Any CPU
		{9E894649-D68D-4219-B437-A778A408614A}.Debug|Any CPU.ActiveCfg = Debug|Any CPU
		{9E894649-D68D-4219-B437-A778A408614A}.Debug|Any CPU.Build.0 = Debug|Any CPU
		{9E894649-D68D-4219-B437-A778A408614A}.Debug|x64.ActiveCfg = Debug|Any CPU
		{9E894649-D68D-4219-B437-A778A408614A}.Debug|x64.Build.0 = Debug|Any CPU
		{9E894649-D68D-4219-B437-A778A408614A}.Release|Any CPU.ActiveCfg = Release|Any CPU
		{9E894649-D68D-4219-B437-A778A408614A}.Release|Any CPU.Build.0 = Release|Any CPU
		{9E894649-D68D-4219-B437-A778A408614A}.Release|x64.ActiveCfg = Release|Any CPU
		{9E894649-D68D-4219-B437-A778A408614A}.Release|x64.Build.0 = Release|Any CPU
		{3D1B0B7A-0651-43AA-AA2A-0E850B31417C}.Debug|Any CPU.ActiveCfg = Debug|Any CPU
		{3D1B0B7A-0651-43AA-AA2A-0E850B31417C}.Debug|Any CPU.Build.0 = Debug|Any CPU
		{3D1B0B7A-0651-43AA-AA2A-0E850B31417C}.Debug|x64.ActiveCfg = Debug|Any CPU
		{3D1B0B7A-0651-43AA-AA2A-0E850B31417C}.Debug|x64.Build.0 = Debug|Any CPU
		{3D1B0B7A-0651-43AA-AA2A-0E850B31417C}.Release|Any CPU.ActiveCfg = Release|Any CPU
		{3D1B0B7A-0651-43AA-AA2A-0E850B31417C}.Release|Any CPU.Build.0 = Release|Any CPU
		{3D1B0B7A-0651-43AA-AA2A-0E850B31417C}.Release|x64.ActiveCfg = Release|Any CPU
		{3D1B0B7A-0651-43AA-AA2A-0E850B31417C}.Release|x64.Build.0 = Release|Any CPU
		{2CECD635-EB4C-422C-809D-2546CA42E8E6}.Debug|Any CPU.ActiveCfg = Debug|Any CPU
		{2CECD635-EB4C-422C-809D-2546CA42E8E6}.Debug|Any CPU.Build.0 = Debug|Any CPU
		{2CECD635-EB4C-422C-809D-2546CA42E8E6}.Debug|x64.ActiveCfg = Debug|Any CPU
		{2CECD635-EB4C-422C-809D-2546CA42E8E6}.Debug|x64.Build.0 = Debug|Any CPU
		{2CECD635-EB4C-422C-809D-2546CA42E8E6}.Release|Any CPU.ActiveCfg = Release|Any CPU
		{2CECD635-EB4C-422C-809D-2546CA42E8E6}.Release|Any CPU.Build.0 = Release|Any CPU
		{2CECD635-EB4C-422C-809D-2546CA42E8E6}.Release|x64.ActiveCfg = Release|Any CPU
		{2CECD635-EB4C-422C-809D-2546CA42E8E6}.Release|x64.Build.0 = Release|Any CPU
		{AC24E6A5-A0AA-4554-8612-F5E3DB130912}.Debug|Any CPU.ActiveCfg = Debug|Any CPU
		{AC24E6A5-A0AA-4554-8612-F5E3DB130912}.Debug|Any CPU.Build.0 = Debug|Any CPU
		{AC24E6A5-A0AA-4554-8612-F5E3DB130912}.Debug|x64.ActiveCfg = Debug|Any CPU
		{AC24E6A5-A0AA-4554-8612-F5E3DB130912}.Debug|x64.Build.0 = Debug|Any CPU
		{AC24E6A5-A0AA-4554-8612-F5E3DB130912}.Release|Any CPU.ActiveCfg = Release|Any CPU
		{AC24E6A5-A0AA-4554-8612-F5E3DB130912}.Release|Any CPU.Build.0 = Release|Any CPU
		{AC24E6A5-A0AA-4554-8612-F5E3DB130912}.Release|x64.ActiveCfg = Release|Any CPU
		{AC24E6A5-A0AA-4554-8612-F5E3DB130912}.Release|x64.Build.0 = Release|Any CPU
		{04078937-9B64-466E-B0BC-88481248F1FA}.Debug|Any CPU.ActiveCfg = Debug|Any CPU
		{04078937-9B64-466E-B0BC-88481248F1FA}.Debug|Any CPU.Build.0 = Debug|Any CPU
		{04078937-9B64-466E-B0BC-88481248F1FA}.Debug|x64.ActiveCfg = Debug|Any CPU
		{04078937-9B64-466E-B0BC-88481248F1FA}.Debug|x64.Build.0 = Debug|Any CPU
		{04078937-9B64-466E-B0BC-88481248F1FA}.Release|Any CPU.ActiveCfg = Release|Any CPU
		{04078937-9B64-466E-B0BC-88481248F1FA}.Release|Any CPU.Build.0 = Release|Any CPU
		{04078937-9B64-466E-B0BC-88481248F1FA}.Release|x64.ActiveCfg = Release|Any CPU
		{04078937-9B64-466E-B0BC-88481248F1FA}.Release|x64.Build.0 = Release|Any CPU
	EndGlobalSection
	GlobalSection(SolutionProperties) = preSolution
		HideSolutionNode = FALSE
	EndGlobalSection
	GlobalSection(ExtensibilityGlobals) = postSolution
		SolutionGuid = {65F8F661-07C3-4032-9485-CD6A222D150D}
	EndGlobalSection
EndGlobal
