
Microsoft Visual Studio Solution File, Format Version 12.00
# Visual Studio Version 16
VisualStudioVersion = 16.0.28803.352
MinimumVisualStudioVersion = 10.0.40219.1
Project("{FAE04EC0-301F-11D3-BF4B-00C04F79EFBC}") = "MarketBeatRatingsParser", "ChameleonRunner\MarketBeatRatingsParser.csproj", "{91B92292-564F-4678-822E-0586E4AEFF20}"
EndProject
Project("{FAE04EC0-301F-11D3-BF4B-00C04F79EFBC}") = "MarketBeatRatingsDefinition", "MarketBeatRatingsDefinition\MarketBeatRatingsDefinition.csproj", "{64418140-FC31-40DA-A69B-1DD1EABBD0C5}"
EndProject
Project("{FAE04EC0-301F-11D3-BF4B-00C04F79EFBC}") = "MbbToCsv", "MbbToCsv\MbbToCsv.csproj", "{9B8C63A2-9186-4374-BB04-B78B1EEEAB59}"
EndProject
Global
	GlobalSection(SolutionConfigurationPlatforms) = preSolution
		Debug|Any CPU = Debug|Any CPU
		Release|Any CPU = Release|Any CPU
	EndGlobalSection
	GlobalSection(ProjectConfigurationPlatforms) = postSolution
		{91B92292-564F-4678-822E-0586E4AEFF20}.Debug|Any CPU.ActiveCfg = Debug|Any CPU
		{91B92292-564F-4678-822E-0586E4AEFF20}.Debug|Any CPU.Build.0 = Debug|Any CPU
		{91B92292-564F-4678-822E-0586E4AEFF20}.Release|Any CPU.ActiveCfg = Release|Any CPU
		{91B92292-564F-4678-822E-0586E4AEFF20}.Release|Any CPU.Build.0 = Release|Any CPU
		{64418140-FC31-40DA-A69B-1DD1EABBD0C5}.Debug|Any CPU.ActiveCfg = Debug|Any CPU
		{64418140-FC31-40DA-A69B-1DD1EABBD0C5}.Debug|Any CPU.Build.0 = Debug|Any CPU
		{64418140-FC31-40DA-A69B-1DD1EABBD0C5}.Release|Any CPU.ActiveCfg = Release|Any CPU
		{64418140-FC31-40DA-A69B-1DD1EABBD0C5}.Release|Any CPU.Build.0 = Release|Any CPU
		{9B8C63A2-9186-4374-BB04-B78B1EEEAB59}.Debug|Any CPU.ActiveCfg = Debug|Any CPU
		{9B8C63A2-9186-4374-BB04-B78B1EEEAB59}.Debug|Any CPU.Build.0 = Debug|Any CPU
		{9B8C63A2-9186-4374-BB04-B78B1EEEAB59}.Release|Any CPU.ActiveCfg = Release|Any CPU
		{9B8C63A2-9186-4374-BB04-B78B1EEEAB59}.Release|Any CPU.Build.0 = Release|Any CPU
	EndGlobalSection
	GlobalSection(SolutionProperties) = preSolution
		HideSolutionNode = FALSE
	EndGlobalSection
	GlobalSection(ExtensibilityGlobals) = postSolution
		SolutionGuid = {FD535512-CF1E-4448-AB3B-BBFD49C8B284}
	EndGlobalSection
EndGlobal
