
Microsoft Visual Studio Solution File, Format Version 12.00
# Visual Studio Version 16
VisualStudioVersion = 16.0.28803.352
MinimumVisualStudioVersion = 10.0.40219.1
Project("{FAE04EC0-301F-11D3-BF4B-00C04F79EFBC}") = "SelleniumRunner", "bookViewRunner\SelleniumRunner.csproj", "{D11BD382-87F6-46A6-B323-CEBBE5293088}"
EndProject
Project("{FAE04EC0-301F-11D3-BF4B-00C04F79EFBC}") = "SystemCoreExpansion", "SystemCoreExpansion\SystemCoreExpansion.csproj", "{5F7B6777-4B02-4502-BAE1-DF94AC3728F6}"
EndProject
Project("{FAE04EC0-301F-11D3-BF4B-00C04F79EFBC}") = "SelleniumDefinition", "SelleniumDefinition\SelleniumDefinition.csproj", "{A154F71D-BE69-4287-933E-42F2A886FFAA}"
EndProject
Global
	GlobalSection(SolutionConfigurationPlatforms) = preSolution
		DEBUG_CUSTOMIZE|Any CPU = DEBUG_CUSTOMIZE|Any CPU
		DEBUG_PRODUCTION|Any CPU = DEBUG_PRODUCTION|Any CPU
		Debug|Any CPU = Debug|Any CPU
		Release|Any CPU = Release|Any CPU
	EndGlobalSection
	GlobalSection(ProjectConfigurationPlatforms) = postSolution
		{D11BD382-87F6-46A6-B323-CEBBE5293088}.DEBUG_CUSTOMIZE|Any CPU.ActiveCfg = Debug|Any CPU
		{D11BD382-87F6-46A6-B323-CEBBE5293088}.DEBUG_CUSTOMIZE|Any CPU.Build.0 = Debug|Any CPU
		{D11BD382-87F6-46A6-B323-CEBBE5293088}.DEBUG_PRODUCTION|Any CPU.ActiveCfg = Debug|Any CPU
		{D11BD382-87F6-46A6-B323-CEBBE5293088}.DEBUG_PRODUCTION|Any CPU.Build.0 = Debug|Any CPU
		{D11BD382-87F6-46A6-B323-CEBBE5293088}.Debug|Any CPU.ActiveCfg = Debug|Any CPU
		{D11BD382-87F6-46A6-B323-CEBBE5293088}.Debug|Any CPU.Build.0 = Debug|Any CPU
		{D11BD382-87F6-46A6-B323-CEBBE5293088}.Release|Any CPU.ActiveCfg = Release|Any CPU
		{D11BD382-87F6-46A6-B323-CEBBE5293088}.Release|Any CPU.Build.0 = Release|Any CPU
		{5F7B6777-4B02-4502-BAE1-DF94AC3728F6}.DEBUG_CUSTOMIZE|Any CPU.ActiveCfg = DEBUG_CUSTOMIZE|Any CPU
		{5F7B6777-4B02-4502-BAE1-DF94AC3728F6}.DEBUG_CUSTOMIZE|Any CPU.Build.0 = DEBUG_CUSTOMIZE|Any CPU
		{5F7B6777-4B02-4502-BAE1-DF94AC3728F6}.DEBUG_PRODUCTION|Any CPU.ActiveCfg = DEBUG_PRODUCTION|Any CPU
		{5F7B6777-4B02-4502-BAE1-DF94AC3728F6}.DEBUG_PRODUCTION|Any CPU.Build.0 = DEBUG_PRODUCTION|Any CPU
		{5F7B6777-4B02-4502-BAE1-DF94AC3728F6}.Debug|Any CPU.ActiveCfg = Debug|Any CPU
		{5F7B6777-4B02-4502-BAE1-DF94AC3728F6}.Debug|Any CPU.Build.0 = Debug|Any CPU
		{5F7B6777-4B02-4502-BAE1-DF94AC3728F6}.Release|Any CPU.ActiveCfg = Release|Any CPU
		{5F7B6777-4B02-4502-BAE1-DF94AC3728F6}.Release|Any CPU.Build.0 = Release|Any CPU
		{A154F71D-BE69-4287-933E-42F2A886FFAA}.DEBUG_CUSTOMIZE|Any CPU.ActiveCfg = Debug|Any CPU
		{A154F71D-BE69-4287-933E-42F2A886FFAA}.DEBUG_CUSTOMIZE|Any CPU.Build.0 = Debug|Any CPU
		{A154F71D-BE69-4287-933E-42F2A886FFAA}.DEBUG_PRODUCTION|Any CPU.ActiveCfg = Debug|Any CPU
		{A154F71D-BE69-4287-933E-42F2A886FFAA}.DEBUG_PRODUCTION|Any CPU.Build.0 = Debug|Any CPU
		{A154F71D-BE69-4287-933E-42F2A886FFAA}.Debug|Any CPU.ActiveCfg = Debug|Any CPU
		{A154F71D-BE69-4287-933E-42F2A886FFAA}.Debug|Any CPU.Build.0 = Debug|Any CPU
		{A154F71D-BE69-4287-933E-42F2A886FFAA}.Release|Any CPU.ActiveCfg = Release|Any CPU
		{A154F71D-BE69-4287-933E-42F2A886FFAA}.Release|Any CPU.Build.0 = Release|Any CPU
	EndGlobalSection
	GlobalSection(SolutionProperties) = preSolution
		HideSolutionNode = FALSE
	EndGlobalSection
	GlobalSection(ExtensibilityGlobals) = postSolution
		SolutionGuid = {4C832C77-A3E5-45DD-8D15-6D441F726D25}
	EndGlobalSection
EndGlobal
