
Microsoft Visual Studio Solution File, Format Version 12.00
# Visual Studio Version 16
VisualStudioVersion = 16.0.28803.352
MinimumVisualStudioVersion = 10.0.40219.1
Project("{FAE04EC0-301F-11D3-BF4B-00C04F79EFBC}") = "ChameleonOptionsTable", "ChameleonOptionsTable\ChameleonOptionsTable.csproj", "{5CE3AE2E-9DC4-4C94-9947-ED5885465292}"
EndProject
Project("{FAE04EC0-301F-11D3-BF4B-00C04F79EFBC}") = "ChameleonRunner", "ChameleonRunner\ChameleonRunner.csproj", "{91B92292-564F-4678-822E-0586E4AEFF20}"
EndProject
Project("{FAE04EC0-301F-11D3-BF4B-00C04F79EFBC}") = "chamreader", "chamreader\chamreader.csproj", "{9F829CCD-F1E7-490A-9C34-852A3CD8338F}"
EndProject
Global
	GlobalSection(SolutionConfigurationPlatforms) = preSolution
		Debug|Any CPU = Debug|Any CPU
		Release|Any CPU = Release|Any CPU
	EndGlobalSection
	GlobalSection(ProjectConfigurationPlatforms) = postSolution
		{5CE3AE2E-9DC4-4C94-9947-ED5885465292}.Debug|Any CPU.ActiveCfg = Debug|Any CPU
		{5CE3AE2E-9DC4-4C94-9947-ED5885465292}.Debug|Any CPU.Build.0 = Debug|Any CPU
		{5CE3AE2E-9DC4-4C94-9947-ED5885465292}.Release|Any CPU.ActiveCfg = Release|Any CPU
		{5CE3AE2E-9DC4-4C94-9947-ED5885465292}.Release|Any CPU.Build.0 = Release|Any CPU
		{91B92292-564F-4678-822E-0586E4AEFF20}.Debug|Any CPU.ActiveCfg = Debug|Any CPU
		{91B92292-564F-4678-822E-0586E4AEFF20}.Debug|Any CPU.Build.0 = Debug|Any CPU
		{91B92292-564F-4678-822E-0586E4AEFF20}.Release|Any CPU.ActiveCfg = Release|Any CPU
		{91B92292-564F-4678-822E-0586E4AEFF20}.Release|Any CPU.Build.0 = Release|Any CPU
		{9F829CCD-F1E7-490A-9C34-852A3CD8338F}.Debug|Any CPU.ActiveCfg = Debug|Any CPU
		{9F829CCD-F1E7-490A-9C34-852A3CD8338F}.Debug|Any CPU.Build.0 = Debug|Any CPU
		{9F829CCD-F1E7-490A-9C34-852A3CD8338F}.Release|Any CPU.ActiveCfg = Release|Any CPU
		{9F829CCD-F1E7-490A-9C34-852A3CD8338F}.Release|Any CPU.Build.0 = Release|Any CPU
	EndGlobalSection
	GlobalSection(SolutionProperties) = preSolution
		HideSolutionNode = FALSE
	EndGlobalSection
	GlobalSection(ExtensibilityGlobals) = postSolution
		SolutionGuid = {FD535512-CF1E-4448-AB3B-BBFD49C8B284}
	EndGlobalSection
EndGlobal
