
Microsoft Visual Studio Solution File, Format Version 12.00
# Visual Studio Version 16
VisualStudioVersion = 16.0.28803.352
MinimumVisualStudioVersion = 10.0.40219.1
Project("{FAE04EC0-301F-11D3-BF4B-00C04F79EFBC}") = "bookViewRunner", "bookViewRunner\bookViewRunner.csproj", "{D11BD382-87F6-46A6-B323-CEBBE5293088}"
EndProject
Project("{FAE04EC0-301F-11D3-BF4B-00C04F79EFBC}") = "SystemCoreExpansion", "SystemCoreExpansion\SystemCoreExpansion.csproj", "{5F7B6777-4B02-4502-BAE1-DF94AC3728F6}"
EndProject
Project("{FAE04EC0-301F-11D3-BF4B-00C04F79EFBC}") = "MarketData", "MarkteData\MarketData.csproj", "{C0BD3ED7-9FC0-4DEC-9351-84B4115613E0}"
EndProject
Project("{9A19103F-16F7-4668-BE54-9A1E7A4F7556}") = "testDeserialize", "testDeserialize\testDeserialize.csproj", "{82F90DD6-ED9D-4713-A63D-66762DA43D6F}"
EndProject
Project("{FAE04EC0-301F-11D3-BF4B-00C04F79EFBC}") = "testSerialize", "testSerialize\testSerialize.csproj", "{A60CB58F-E7CC-490F-9604-27C48228F41B}"
EndProject
Project("{FAE04EC0-301F-11D3-BF4B-00C04F79EFBC}") = "convertto2", "convertto2\convertto2.csproj", "{F95FF738-2E81-493F-9BDD-940FA162EC57}"
EndProject
Global
	GlobalSection(SolutionConfigurationPlatforms) = preSolution
		DEBUG_CUSTOMIZE|Any CPU = DEBUG_CUSTOMIZE|Any CPU
		DEBUG_PRODUCTION|Any CPU = DEBUG_PRODUCTION|Any CPU
		Debug|Any CPU = Debug|Any CPU
		Release|Any CPU = Release|Any CPU
	EndGlobalSection
	GlobalSection(ProjectConfigurationPlatforms) = postSolution
		{D11BD382-87F6-46A6-B323-CEBBE5293088}.DEBUG_CUSTOMIZE|Any CPU.ActiveCfg = Debug|Any CPU
		{D11BD382-87F6-46A6-B323-CEBBE5293088}.DEBUG_CUSTOMIZE|Any CPU.Build.0 = Debug|Any CPU
		{D11BD382-87F6-46A6-B323-CEBBE5293088}.DEBUG_PRODUCTION|Any CPU.ActiveCfg = Debug|Any CPU
		{D11BD382-87F6-46A6-B323-CEBBE5293088}.DEBUG_PRODUCTION|Any CPU.Build.0 = Debug|Any CPU
		{D11BD382-87F6-46A6-B323-CEBBE5293088}.Debug|Any CPU.ActiveCfg = Debug|Any CPU
		{D11BD382-87F6-46A6-B323-CEBBE5293088}.Debug|Any CPU.Build.0 = Debug|Any CPU
		{D11BD382-87F6-46A6-B323-CEBBE5293088}.Release|Any CPU.ActiveCfg = Release|Any CPU
		{D11BD382-87F6-46A6-B323-CEBBE5293088}.Release|Any CPU.Build.0 = Release|Any CPU
		{5F7B6777-4B02-4502-BAE1-DF94AC3728F6}.DEBUG_CUSTOMIZE|Any CPU.ActiveCfg = DEBUG_CUSTOMIZE|Any CPU
		{5F7B6777-4B02-4502-BAE1-DF94AC3728F6}.DEBUG_CUSTOMIZE|Any CPU.Build.0 = DEBUG_CUSTOMIZE|Any CPU
		{5F7B6777-4B02-4502-BAE1-DF94AC3728F6}.DEBUG_PRODUCTION|Any CPU.ActiveCfg = DEBUG_PRODUCTION|Any CPU
		{5F7B6777-4B02-4502-BAE1-DF94AC3728F6}.DEBUG_PRODUCTION|Any CPU.Build.0 = DEBUG_PRODUCTION|Any CPU
		{5F7B6777-4B02-4502-BAE1-DF94AC3728F6}.Debug|Any CPU.ActiveCfg = Debug|Any CPU
		{5F7B6777-4B02-4502-BAE1-DF94AC3728F6}.Debug|Any CPU.Build.0 = Debug|Any CPU
		{5F7B6777-4B02-4502-BAE1-DF94AC3728F6}.Release|Any CPU.ActiveCfg = Release|Any CPU
		{5F7B6777-4B02-4502-BAE1-DF94AC3728F6}.Release|Any CPU.Build.0 = Release|Any CPU
		{C0BD3ED7-9FC0-4DEC-9351-84B4115613E0}.DEBUG_CUSTOMIZE|Any CPU.ActiveCfg = Debug|Any CPU
		{C0BD3ED7-9FC0-4DEC-9351-84B4115613E0}.DEBUG_CUSTOMIZE|Any CPU.Build.0 = Debug|Any CPU
		{C0BD3ED7-9FC0-4DEC-9351-84B4115613E0}.DEBUG_PRODUCTION|Any CPU.ActiveCfg = Debug|Any CPU
		{C0BD3ED7-9FC0-4DEC-9351-84B4115613E0}.DEBUG_PRODUCTION|Any CPU.Build.0 = Debug|Any CPU
		{C0BD3ED7-9FC0-4DEC-9351-84B4115613E0}.Debug|Any CPU.ActiveCfg = Debug|Any CPU
		{C0BD3ED7-9FC0-4DEC-9351-84B4115613E0}.Debug|Any CPU.Build.0 = Debug|Any CPU
		{C0BD3ED7-9FC0-4DEC-9351-84B4115613E0}.Release|Any CPU.ActiveCfg = Release|Any CPU
		{C0BD3ED7-9FC0-4DEC-9351-84B4115613E0}.Release|Any CPU.Build.0 = Release|Any CPU
		{82F90DD6-ED9D-4713-A63D-66762DA43D6F}.DEBUG_CUSTOMIZE|Any CPU.ActiveCfg = Debug|Any CPU
		{82F90DD6-ED9D-4713-A63D-66762DA43D6F}.DEBUG_CUSTOMIZE|Any CPU.Build.0 = Debug|Any CPU
		{82F90DD6-ED9D-4713-A63D-66762DA43D6F}.DEBUG_PRODUCTION|Any CPU.ActiveCfg = Debug|Any CPU
		{82F90DD6-ED9D-4713-A63D-66762DA43D6F}.DEBUG_PRODUCTION|Any CPU.Build.0 = Debug|Any CPU
		{82F90DD6-ED9D-4713-A63D-66762DA43D6F}.Debug|Any CPU.ActiveCfg = Debug|Any CPU
		{82F90DD6-ED9D-4713-A63D-66762DA43D6F}.Debug|Any CPU.Build.0 = Debug|Any CPU
		{82F90DD6-ED9D-4713-A63D-66762DA43D6F}.Release|Any CPU.ActiveCfg = Release|Any CPU
		{82F90DD6-ED9D-4713-A63D-66762DA43D6F}.Release|Any CPU.Build.0 = Release|Any CPU
		{A60CB58F-E7CC-490F-9604-27C48228F41B}.DEBUG_CUSTOMIZE|Any CPU.ActiveCfg = Debug|Any CPU
		{A60CB58F-E7CC-490F-9604-27C48228F41B}.DEBUG_CUSTOMIZE|Any CPU.Build.0 = Debug|Any CPU
		{A60CB58F-E7CC-490F-9604-27C48228F41B}.DEBUG_PRODUCTION|Any CPU.ActiveCfg = Debug|Any CPU
		{A60CB58F-E7CC-490F-9604-27C48228F41B}.DEBUG_PRODUCTION|Any CPU.Build.0 = Debug|Any CPU
		{A60CB58F-E7CC-490F-9604-27C48228F41B}.Debug|Any CPU.ActiveCfg = Debug|Any CPU
		{A60CB58F-E7CC-490F-9604-27C48228F41B}.Debug|Any CPU.Build.0 = Debug|Any CPU
		{A60CB58F-E7CC-490F-9604-27C48228F41B}.Release|Any CPU.ActiveCfg = Release|Any CPU
		{A60CB58F-E7CC-490F-9604-27C48228F41B}.Release|Any CPU.Build.0 = Release|Any CPU
		{F95FF738-2E81-493F-9BDD-940FA162EC57}.DEBUG_CUSTOMIZE|Any CPU.ActiveCfg = Debug|Any CPU
		{F95FF738-2E81-493F-9BDD-940FA162EC57}.DEBUG_CUSTOMIZE|Any CPU.Build.0 = Debug|Any CPU
		{F95FF738-2E81-493F-9BDD-940FA162EC57}.DEBUG_PRODUCTION|Any CPU.ActiveCfg = Debug|Any CPU
		{F95FF738-2E81-493F-9BDD-940FA162EC57}.DEBUG_PRODUCTION|Any CPU.Build.0 = Debug|Any CPU
		{F95FF738-2E81-493F-9BDD-940FA162EC57}.Debug|Any CPU.ActiveCfg = Debug|Any CPU
		{F95FF738-2E81-493F-9BDD-940FA162EC57}.Debug|Any CPU.Build.0 = Debug|Any CPU
		{F95FF738-2E81-493F-9BDD-940FA162EC57}.Release|Any CPU.ActiveCfg = Release|Any CPU
		{F95FF738-2E81-493F-9BDD-940FA162EC57}.Release|Any CPU.Build.0 = Release|Any CPU
	EndGlobalSection
	GlobalSection(SolutionProperties) = preSolution
		HideSolutionNode = FALSE
	EndGlobalSection
	GlobalSection(ExtensibilityGlobals) = postSolution
		SolutionGuid = {4C832C77-A3E5-45DD-8D15-6D441F726D25}
	EndGlobalSection
EndGlobal
